// !$*UTF8*$!
{
	archiveVersion = 1;
	classes = {
	};
	objectVersion = 56;
	objects = {

/* Begin PBXBuildFile section */
		BDDA5A662C2B264500400B54 /* StampApp.swift in Sources */ = {isa = PBXBuildFile; fileRef = BDDA5A652C2B264500400B54 /* StampApp.swift */; };
		BDDA5A682C2B264500400B54 /* ContentView.swift in Sources */ = {isa = PBXBuildFile; fileRef = BDDA5A672C2B264500400B54 /* ContentView.swift */; };
		BDDA5A6A2C2B264600400B54 /* Assets.xcassets in Resources */ = {isa = PBXBuildFile; fileRef = BDDA5A692C2B264600400B54 /* Assets.xcassets */; };
		BDDA5A6D2C2B264600400B54 /* Preview Assets.xcassets in Resources */ = {isa = PBXBuildFile; fileRef = BDDA5A6C2C2B264600400B54 /* Preview Assets.xcassets */; };
		BDDA5A772C2B264600400B54 /* StampTests.swift in Sources */ = {isa = PBXBuildFile; fileRef = BDDA5A762C2B264600400B54 /* StampTests.swift */; };
		BDDA5A812C2B264600400B54 /* StampUITests.swift in Sources */ = {isa = PBXBuildFile; fileRef = BDDA5A802C2B264600400B54 /* StampUITests.swift */; };
		BDDA5A832C2B264600400B54 /* StampUITestsLaunchTests.swift in Sources */ = {isa = PBXBuildFile; fileRef = BDDA5A822C2B264600400B54 /* StampUITestsLaunchTests.swift */; };
		BDDA5A902C2B28D900400B54 /* StampView.swift in Sources */ = {isa = PBXBuildFile; fileRef = BDDA5A8F2C2B28D900400B54 /* StampView.swift */; };
/* End PBXBuildFile section */

/* Begin PBXContainerItemProxy section */
		BDDA5A732C2B264600400B54 /* PBXContainerItemProxy */ = {
			isa = PBXContainerItemProxy;
			containerPortal = BDDA5A5A2C2B264500400B54 /* Project object */;
			proxyType = 1;
			remoteGlobalIDString = BDDA5A612C2B264500400B54;
			remoteInfo = Stamp;
		};
		BDDA5A7D2C2B264600400B54 /* PBXContainerItemProxy */ = {
			isa = PBXContainerItemProxy;
			containerPortal = BDDA5A5A2C2B264500400B54 /* Project object */;
			proxyType = 1;
			remoteGlobalIDString = BDDA5A612C2B264500400B54;
			remoteInfo = Stamp;
		};
/* End PBXContainerItemProxy section */

/* Begin PBXFileReference section */
		BDDA5A622C2B264500400B54 /* Stamp.app */ = {isa = PBXFileReference; explicitFileType = wrapper.application; includeInIndex = 0; path = Stamp.app; sourceTree = BUILT_PRODUCTS_DIR; };
		BDDA5A652C2B264500400B54 /* StampApp.swift */ = {isa = PBXFileReference; lastKnownFileType = sourcecode.swift; path = StampApp.swift; sourceTree = "<group>"; };
		BDDA5A672C2B264500400B54 /* ContentView.swift */ = {isa = PBXFileReference; lastKnownFileType = sourcecode.swift; path = ContentView.swift; sourceTree = "<group>"; };
		BDDA5A692C2B264600400B54 /* Assets.xcassets */ = {isa = PBXFileReference; lastKnownFileType = folder.assetcatalog; path = Assets.xcassets; sourceTree = "<group>"; };
		BDDA5A6C2C2B264600400B54 /* Preview Assets.xcassets */ = {isa = PBXFileReference; lastKnownFileType = folder.assetcatalog; path = "Preview Assets.xcassets"; sourceTree = "<group>"; };
		BDDA5A722C2B264600400B54 /* StampTests.xctest */ = {isa = PBXFileReference; explicitFileType = wrapper.cfbundle; includeInIndex = 0; path = StampTests.xctest; sourceTree = BUILT_PRODUCTS_DIR; };
		BDDA5A762C2B264600400B54 /* StampTests.swift */ = {isa = PBXFileReference; lastKnownFileType = sourcecode.swift; path = StampTests.swift; sourceTree = "<group>"; };
		BDDA5A7C2C2B264600400B54 /* StampUITests.xctest */ = {isa = PBXFileReference; explicitFileType = wrapper.cfbundle; includeInIndex = 0; path = StampUITests.xctest; sourceTree = BUILT_PRODUCTS_DIR; };
		BDDA5A802C2B264600400B54 /* StampUITests.swift */ = {isa = PBXFileReference; lastKnownFileType = sourcecode.swift; path = StampUITests.swift; sourceTree = "<group>"; };
		BDDA5A822C2B264600400B54 /* StampUITestsLaunchTests.swift */ = {isa = PBXFileReference; lastKnownFileType = sourcecode.swift; path = StampUITestsLaunchTests.swift; sourceTree = "<group>"; };
		BDDA5A8F2C2B28D900400B54 /* StampView.swift */ = {isa = PBXFileReference; lastKnownFileType = sourcecode.swift; path = StampView.swift; sourceTree = "<group>"; };
/* End PBXFileReference section */

/* Begin PBXFrameworksBuildPhase section */
		BDDA5A5F2C2B264500400B54 /* Frameworks */ = {
			isa = PBXFrameworksBuildPhase;
			buildActionMask = 2147483647;
			files = (
			);
			runOnlyForDeploymentPostprocessing = 0;
		};
		BDDA5A6F2C2B264600400B54 /* Frameworks */ = {
			isa = PBXFrameworksBuildPhase;
			buildActionMask = 2147483647;
			files = (
			);
			runOnlyForDeploymentPostprocessing = 0;
		};
		BDDA5A792C2B264600400B54 /* Frameworks */ = {
			isa = PBXFrameworksBuildPhase;
			buildActionMask = 2147483647;
			files = (
			);
			runOnlyForDeploymentPostprocessing = 0;
		};
/* End PBXFrameworksBuildPhase section */

/* Begin PBXGroup section */
		BDDA5A592C2B264500400B54 = {
			isa = PBXGroup;
			children = (
				BDDA5A642C2B264500400B54 /* Stamp */,
				BDDA5A752C2B264600400B54 /* StampTests */,
				BDDA5A7F2C2B264600400B54 /* StampUITests */,
				BDDA5A632C2B264500400B54 /* Products */,
			);
			sourceTree = "<group>";
		};
		BDDA5A632C2B264500400B54 /* Products */ = {
			isa = PBXGroup;
			children = (
				BDDA5A622C2B264500400B54 /* Stamp.app */,
				BDDA5A722C2B264600400B54 /* StampTests.xctest */,
				BDDA5A7C2C2B264600400B54 /* StampUITests.xctest */,
			);
			name = Products;
			sourceTree = "<group>";
		};
		BDDA5A642C2B264500400B54 /* Stamp */ = {
			isa = PBXGroup;
			children = (
				BDDA5A652C2B264500400B54 /* StampApp.swift */,
				BDDA5A672C2B264500400B54 /* ContentView.swift */,
				BDDA5A692C2B264600400B54 /* Assets.xcassets */,
				BDDA5A6B2C2B264600400B54 /* Preview Content */,
				BDDA5A8F2C2B28D900400B54 /* StampView.swift */,
			);
			path = Stamp;
			sourceTree = "<group>";
		};
		BDDA5A6B2C2B264600400B54 /* Preview Content */ = {
			isa = PBXGroup;
			children = (
				BDDA5A6C2C2B264600400B54 /* Preview Assets.xcassets */,
			);
			path = "Preview Content";
			sourceTree = "<group>";
		};
		BDDA5A752C2B264600400B54 /* StampTests */ = {
			isa = PBXGroup;
			children = (
				BDDA5A762C2B264600400B54 /* StampTests.swift */,
			);
			path = StampTests;
			sourceTree = "<group>";
		};
		BDDA5A7F2C2B264600400B54 /* StampUITests */ = {
			isa = PBXGroup;
			children = (
				BDDA5A802C2B264600400B54 /* StampUITests.swift */,
				BDDA5A822C2B264600400B54 /* StampUITestsLaunchTests.swift */,
			);
			path = StampUITests;
			sourceTree = "<group>";
		};
/* End PBXGroup section */

/* Begin PBXNativeTarget section */
		BDDA5A612C2B264500400B54 /* Stamp */ = {
			isa = PBXNativeTarget;
			buildConfigurationList = BDDA5A862C2B264600400B54 /* Build configuration list for PBXNativeTarget "Stamp" */;
			buildPhases = (
				BDDA5A5E2C2B264500400B54 /* Sources */,
				BDDA5A5F2C2B264500400B54 /* Frameworks */,
				BDDA5A602C2B264500400B54 /* Resources */,
			);
			buildRules = (
			);
			dependencies = (
			);
			name = Stamp;
			productName = Stamp;
			productReference = BDDA5A622C2B264500400B54 /* Stamp.app */;
			productType = "com.apple.product-type.application";
		};
		BDDA5A712C2B264600400B54 /* StampTests */ = {
			isa = PBXNativeTarget;
			buildConfigurationList = BDDA5A892C2B264600400B54 /* Build configuration list for PBXNativeTarget "StampTests" */;
			buildPhases = (
				BDDA5A6E2C2B264600400B54 /* Sources */,
				BDDA5A6F2C2B264600400B54 /* Frameworks */,
				BDDA5A702C2B264600400B54 /* Resources */,
			);
			buildRules = (
			);
			dependencies = (
				BDDA5A742C2B264600400B54 /* PBXTargetDependency */,
			);
			name = StampTests;
			productName = StampTests;
			productReference = BDDA5A722C2B264600400B54 /* StampTests.xctest */;
			productType = "com.apple.product-type.bundle.unit-test";
		};
		BDDA5A7B2C2B264600400B54 /* StampUITests */ = {
			isa = PBXNativeTarget;
			buildConfigurationList = BDDA5A8C2C2B264600400B54 /* Build configuration list for PBXNativeTarget "StampUITests" */;
			buildPhases = (
				BDDA5A782C2B264600400B54 /* Sources */,
				BDDA5A792C2B264600400B54 /* Frameworks */,
				BDDA5A7A2C2B264600400B54 /* Resources */,
			);
			buildRules = (
			);
			dependencies = (
				BDDA5A7E2C2B264600400B54 /* PBXTargetDependency */,
			);
			name = StampUITests;
			productName = StampUITests;
			productReference = BDDA5A7C2C2B264600400B54 /* StampUITests.xctest */;
			productType = "com.apple.product-type.bundle.ui-testing";
		};
/* End PBXNativeTarget section */

/* Begin PBXProject section */
		BDDA5A5A2C2B264500400B54 /* Project object */ = {
			isa = PBXProject;
			attributes = {
				BuildIndependentTargetsInParallel = 1;
				LastSwiftUpdateCheck = 1540;
				LastUpgradeCheck = 1540;
				TargetAttributes = {
					BDDA5A612C2B264500400B54 = {
						CreatedOnToolsVersion = 15.4;
					};
					BDDA5A712C2B264600400B54 = {
						CreatedOnToolsVersion = 15.4;
						TestTargetID = BDDA5A612C2B264500400B54;
					};
					BDDA5A7B2C2B264600400B54 = {
						CreatedOnToolsVersion = 15.4;
						TestTargetID = BDDA5A612C2B264500400B54;
					};
				};
			};
			buildConfigurationList = BDDA5A5D2C2B264500400B54 /* Build configuration list for PBXProject "Stamp" */;
			compatibilityVersion = "Xcode 14.0";
			developmentRegion = en;
			hasScannedForEncodings = 0;
			knownRegions = (
				en,
				Base,
			);
			mainGroup = BDDA5A592C2B264500400B54;
			productRefGroup = BDDA5A632C2B264500400B54 /* Products */;
			projectDirPath = "";
			projectRoot = "";
			targets = (
				BDDA5A612C2B264500400B54 /* Stamp */,
				BDDA5A712C2B264600400B54 /* StampTests */,
				BDDA5A7B2C2B264600400B54 /* StampUITests */,
			);
		};
/* End PBXProject section */

/* Begin PBXResourcesBuildPhase section */
		BDDA5A602C2B264500400B54 /* Resources */ = {
			isa = PBXResourcesBuildPhase;
			buildActionMask = 2147483647;
			files = (
				BDDA5A6D2C2B264600400B54 /* Preview Assets.xcassets in Resources */,
				BDDA5A6A2C2B264600400B54 /* Assets.xcassets in Resources */,
			);
			runOnlyForDeploymentPostprocessing = 0;
		};
		BDDA5A702C2B264600400B54 /* Resources */ = {
			isa = PBXResourcesBuildPhase;
			buildActionMask = 2147483647;
			files = (
			);
			runOnlyForDeploymentPostprocessing = 0;
		};
		BDDA5A7A2C2B264600400B54 /* Resources */ = {
			isa = PBXResourcesBuildPhase;
			buildActionMask = 2147483647;
			files = (
			);
			runOnlyForDeploymentPostprocessing = 0;
		};
/* End PBXResourcesBuildPhase section */

/* Begin PBXSourcesBuildPhase section */
		BDDA5A5E2C2B264500400B54 /* Sources */ = {
			isa = PBXSourcesBuildPhase;
			buildActionMask = 2147483647;
			files = (
				BDDA5A682C2B264500400B54 /* ContentView.swift in Sources */,
				BDDA5A662C2B264500400B54 /* StampApp.swift in Sources */,
				BDDA5A902C2B28D900400B54 /* StampView.swift in Sources */,
			);
			runOnlyForDeploymentPostprocessing = 0;
		};
		BDDA5A6E2C2B264600400B54 /* Sources */ = {
			isa = PBXSourcesBuildPhase;
			buildActionMask = 2147483647;
			files = (
				BDDA5A772C2B264600400B54 /* StampTests.swift in Sources */,
			);
			runOnlyForDeploymentPostprocessing = 0;
		};
		BDDA5A782C2B264600400B54 /* Sources */ = {
			isa = PBXSourcesBuildPhase;
			buildActionMask = 2147483647;
			files = (
				BDDA5A832C2B264600400B54 /* StampUITestsLaunchTests.swift in Sources */,
				BDDA5A812C2B264600400B54 /* StampUITests.swift in Sources */,
			);
			runOnlyForDeploymentPostprocessing = 0;
		};
/* End PBXSourcesBuildPhase section */

/* Begin PBXTargetDependency section */
		BDDA5A742C2B264600400B54 /* PBXTargetDependency */ = {
			isa = PBXTargetDependency;
			target = BDDA5A612C2B264500400B54 /* Stamp */;
			targetProxy = BDDA5A732C2B264600400B54 /* PBXContainerItemProxy */;
		};
		BDDA5A7E2C2B264600400B54 /* PBXTargetDependency */ = {
			isa = PBXTargetDependency;
			target = BDDA5A612C2B264500400B54 /* Stamp */;
			targetProxy = BDDA5A7D2C2B264600400B54 /* PBXContainerItemProxy */;
		};
/* End PBXTargetDependency section */

/* Begin XCBuildConfiguration section */
		BDDA5A842C2B264600400B54 /* Debug */ = {
			isa = XCBuildConfiguration;
			buildSettings = {
				ALWAYS_SEARCH_USER_PATHS = NO;
				ASSETCATALOG_COMPILER_GENERATE_SWIFT_ASSET_SYMBOL_EXTENSIONS = YES;
				CLANG_ANALYZER_NONNULL = YES;
				CLANG_ANALYZER_NUMBER_OBJECT_CONVERSION = YES_AGGRESSIVE;
				CLANG_CXX_LANGUAGE_STANDARD = "gnu++20";
				CLANG_ENABLE_MODULES = YES;
				CLANG_ENABLE_OBJC_ARC = YES;
				CLANG_ENABLE_OBJC_WEAK = YES;
				CLANG_WARN_BLOCK_CAPTURE_AUTORELEASING = YES;
				CLANG_WARN_BOOL_CONVERSION = YES;
				CLANG_WARN_COMMA = YES;
				CLANG_WARN_CONSTANT_CONVERSION = YES;
				CLANG_WARN_DEPRECATED_OBJC_IMPLEMENTATIONS = YES;
				CLANG_WARN_DIRECT_OBJC_ISA_USAGE = YES_ERROR;
				CLANG_WARN_DOCUMENTATION_COMMENTS = YES;
				CLANG_WARN_EMPTY_BODY = YES;
				CLANG_WARN_ENUM_CONVERSION = YES;
				CLANG_WARN_INFINITE_RECURSION = YES;
				CLANG_WARN_INT_CONVERSION = YES;
				CLANG_WARN_NON_LITERAL_NULL_CONVERSION = YES;
				CLANG_WARN_OBJC_IMPLICIT_RETAIN_SELF = YES;
				CLANG_WARN_OBJC_LITERAL_CONVERSION = YES;
				CLANG_WARN_OBJC_ROOT_CLASS = YES_ERROR;
				CLANG_WARN_QUOTED_INCLUDE_IN_FRAMEWORK_HEADER = YES;
				CLANG_WARN_RANGE_LOOP_ANALYSIS = YES;
				CLANG_WARN_STRICT_PROTOTYPES = YES;
				CLANG_WARN_SUSPICIOUS_MOVE = YES;
				CLANG_WARN_UNGUARDED_AVAILABILITY = YES_AGGRESSIVE;
				CLANG_WARN_UNREACHABLE_CODE = YES;
				CLANG_WARN__DUPLICATE_METHOD_MATCH = YES;
				COPY_PHASE_STRIP = NO;
				DEBUG_INFORMATION_FORMAT = dwarf;
				ENABLE_STRICT_OBJC_MSGSEND = YES;
				ENABLE_TESTABILITY = YES;
				ENABLE_USER_SCRIPT_SANDBOXING = YES;
				GCC_C_LANGUAGE_STANDARD = gnu17;
				GCC_DYNAMIC_NO_PIC = NO;
				GCC_NO_COMMON_BLOCKS = YES;
				GCC_OPTIMIZATION_LEVEL = 0;
				GCC_PREPROCESSOR_DEFINITIONS = (
					"DEBUG=1",
					"$(inherited)",
				);
				GCC_WARN_64_TO_32_BIT_CONVERSION = YES;
				GCC_WARN_ABOUT_RETURN_TYPE = YES_ERROR;
				GCC_WARN_UNDECLARED_SELECTOR = YES;
				GCC_WARN_UNINITIALIZED_AUTOS = YES_AGGRESSIVE;
				GCC_WARN_UNUSED_FUNCTION = YES;
				GCC_WARN_UNUSED_VARIABLE = YES;
				IPHONEOS_DEPLOYMENT_TARGET = 17.5;
				LOCALIZATION_PREFERS_STRING_CATALOGS = YES;
				MTL_ENABLE_DEBUG_INFO = INCLUDE_SOURCE;
				MTL_FAST_MATH = YES;
				ONLY_ACTIVE_ARCH = YES;
				SDKROOT = iphoneos;
				SWIFT_ACTIVE_COMPILATION_CONDITIONS = "DEBUG $(inherited)";
				SWIFT_OPTIMIZATION_LEVEL = "-Onone";
			};
			name = Debug;
		};
		BDDA5A852C2B264600400B54 /* Release */ = {
			isa = XCBuildConfiguration;
			buildSettings = {
				ALWAYS_SEARCH_USER_PATHS = NO;
				ASSETCATALOG_COMPILER_GENERATE_SWIFT_ASSET_SYMBOL_EXTENSIONS = YES;
				CLANG_ANALYZER_NONNULL = YES;
				CLANG_ANALYZER_NUMBER_OBJECT_CONVERSION = YES_AGGRESSIVE;
				CLANG_CXX_LANGUAGE_STANDARD = "gnu++20";
				CLANG_ENABLE_MODULES = YES;
				CLANG_ENABLE_OBJC_ARC = YES;
				CLANG_ENABLE_OBJC_WEAK = YES;
				CLANG_WARN_BLOCK_CAPTURE_AUTORELEASING = YES;
				CLANG_WARN_BOOL_CONVERSION = YES;
				CLANG_WARN_COMMA = YES;
				CLANG_WARN_CONSTANT_CONVERSION = YES;
				CLANG_WARN_DEPRECATED_OBJC_IMPLEMENTATIONS = YES;
				CLANG_WARN_DIRECT_OBJC_ISA_USAGE = YES_ERROR;
				CLANG_WARN_DOCUMENTATION_COMMENTS = YES;
				CLANG_WARN_EMPTY_BODY = YES;
				CLANG_WARN_ENUM_CONVERSION = YES;
				CLANG_WARN_INFINITE_RECURSION = YES;
				CLANG_WARN_INT_CONVERSION = YES;
				CLANG_WARN_NON_LITERAL_NULL_CONVERSION = YES;
				CLANG_WARN_OBJC_IMPLICIT_RETAIN_SELF = YES;
				CLANG_WARN_OBJC_LITERAL_CONVERSION = YES;
				CLANG_WARN_OBJC_ROOT_CLASS = YES_ERROR;
				CLANG_WARN_QUOTED_INCLUDE_IN_FRAMEWORK_HEADER = YES;
				CLANG_WARN_RANGE_LOOP_ANALYSIS = YES;
				CLANG_WARN_STRICT_PROTOTYPES = YES;
				CLANG_WARN_SUSPICIOUS_MOVE = YES;
				CLANG_WARN_UNGUARDED_AVAILABILITY = YES_AGGRESSIVE;
				CLANG_WARN_UNREACHABLE_CODE = YES;
				CLANG_WARN__DUPLICATE_METHOD_MATCH = YES;
				COPY_PHASE_STRIP = NO;
				DEBUG_INFORMATION_FORMAT = "dwarf-with-dsym";
				ENABLE_NS_ASSERTIONS = NO;
				ENABLE_STRICT_OBJC_MSGSEND = YES;
				ENABLE_USER_SCRIPT_SANDBOXING = YES;
				GCC_C_LANGUAGE_STANDARD = gnu17;
				GCC_NO_COMMON_BLOCKS = YES;
				GCC_WARN_64_TO_32_BIT_CONVERSION = YES;
				GCC_WARN_ABOUT_RETURN_TYPE = YES_ERROR;
				GCC_WARN_UNDECLARED_SELECTOR = YES;
				GCC_WARN_UNINITIALIZED_AUTOS = YES_AGGRESSIVE;
				GCC_WARN_UNUSED_FUNCTION = YES;
				GCC_WARN_UNUSED_VARIABLE = YES;
				IPHONEOS_DEPLOYMENT_TARGET = 17.5;
				LOCALIZATION_PREFERS_STRING_CATALOGS = YES;
				MTL_ENABLE_DEBUG_INFO = NO;
				MTL_FAST_MATH = YES;
				SDKROOT = iphoneos;
				SWIFT_COMPILATION_MODE = wholemodule;
				VALIDATE_PRODUCT = YES;
			};
			name = Release;
		};
		BDDA5A872C2B264600400B54 /* Debug */ = {
			isa = XCBuildConfiguration;
			buildSettings = {
				ASSETCATALOG_COMPILER_APPICON_NAME = AppIcon;
				ASSETCATALOG_COMPILER_GLOBAL_ACCENT_COLOR_NAME = AccentColor;
				CODE_SIGN_STYLE = Automatic;
				CURRENT_PROJECT_VERSION = 1;
				DEVELOPMENT_ASSET_PATHS = "\"Stamp/Preview Content\"";
				ENABLE_PREVIEWS = YES;
				GENERATE_INFOPLIST_FILE = YES;
				INFOPLIST_KEY_UIApplicationSceneManifest_Generation = YES;
				INFOPLIST_KEY_UIApplicationSupportsIndirectInputEvents = YES;
				INFOPLIST_KEY_UILaunchScreen_Generation = YES;
				INFOPLIST_KEY_UISupportedInterfaceOrientations_iPad = "UIInterfaceOrientationPortrait UIInterfaceOrientationPortraitUpsideDown UIInterfaceOrientationLandscapeLeft UIInterfaceOrientationLandscapeRight";
				INFOPLIST_KEY_UISupportedInterfaceOrientations_iPhone = "UIInterfaceOrientationPortrait UIInterfaceOrientationLandscapeLeft UIInterfaceOrientationLandscapeRight";
				LD_RUNPATH_SEARCH_PATHS = (
					"$(inherited)",
					"@executable_path/Frameworks",
				);
				MARKETING_VERSION = 1.0;
				PRODUCT_BUNDLE_IDENTIFIER = KWK.Stamp;
				PRODUCT_NAME = "$(TARGET_NAME)";
				SWIFT_EMIT_LOC_STRINGS = YES;
				SWIFT_VERSION = 5.0;
				TARGETED_DEVICE_FAMILY = "1,2";
			};
			name = Debug;
		};
		BDDA5A882C2B264600400B54 /* Release */ = {
			isa = XCBuildConfiguration;
			buildSettings = {
				ASSETCATALOG_COMPILER_APPICON_NAME = AppIcon;
				ASSETCATALOG_COMPILER_GLOBAL_ACCENT_COLOR_NAME = AccentColor;
				CODE_SIGN_STYLE = Automatic;
				CURRENT_PROJECT_VERSION = 1;
				DEVELOPMENT_ASSET_PATHS = "\"Stamp/Preview Content\"";
				ENABLE_PREVIEWS = YES;
				GENERATE_INFOPLIST_FILE = YES;
				INFOPLIST_KEY_UIApplicationSceneManifest_Generation = YES;
				INFOPLIST_KEY_UIApplicationSupportsIndirectInputEvents = YES;
				INFOPLIST_KEY_UILaunchScreen_Generation = YES;
				INFOPLIST_KEY_UISupportedInterfaceOrientations_iPad = "UIInterfaceOrientationPortrait UIInterfaceOrientationPortraitUpsideDown UIInterfaceOrientationLandscapeLeft UIInterfaceOrientationLandscapeRight";
				INFOPLIST_KEY_UISupportedInterfaceOrientations_iPhone = "UIInterfaceOrientationPortrait UIInterfaceOrientationLandscapeLeft UIInterfaceOrientationLandscapeRight";
				LD_RUNPATH_SEARCH_PATHS = (
					"$(inherited)",
					"@executable_path/Frameworks",
				);
				MARKETING_VERSION = 1.0;
				PRODUCT_BUNDLE_IDENTIFIER = KWK.Stamp;
				PRODUCT_NAME = "$(TARGET_NAME)";
				SWIFT_EMIT_LOC_STRINGS = YES;
				SWIFT_VERSION = 5.0;
				TARGETED_DEVICE_FAMILY = "1,2";
			};
			name = Release;
		};
		BDDA5A8A2C2B264600400B54 /* Debug */ = {
			isa = XCBuildConfiguration;
			buildSettings = {
				ALWAYS_EMBED_SWIFT_STANDARD_LIBRARIES = YES;
				BUNDLE_LOADER = "$(TEST_HOST)";
				CODE_SIGN_STYLE = Automatic;
				CURRENT_PROJECT_VERSION = 1;
				GENERATE_INFOPLIST_FILE = YES;
				IPHONEOS_DEPLOYMENT_TARGET = 17.5;
				MARKETING_VERSION = 1.0;
				PRODUCT_BUNDLE_IDENTIFIER = KWK.StampTests;
				PRODUCT_NAME = "$(TARGET_NAME)";
				SWIFT_EMIT_LOC_STRINGS = NO;
				SWIFT_VERSION = 5.0;
				TARGETED_DEVICE_FAMILY = "1,2";
				TEST_HOST = "$(BUILT_PRODUCTS_DIR)/Stamp.app/$(BUNDLE_EXECUTABLE_FOLDER_PATH)/Stamp";
			};
			name = Debug;
		};
		BDDA5A8B2C2B264600400B54 /* Release */ = {
			isa = XCBuildConfiguration;
			buildSettings = {
				ALWAYS_EMBED_SWIFT_STANDARD_LIBRARIES = YES;
				BUNDLE_LOADER = "$(TEST_HOST)";
				CODE_SIGN_STYLE = Automatic;
				CURRENT_PROJECT_VERSION = 1;
				GENERATE_INFOPLIST_FILE = YES;
				IPHONEOS_DEPLOYMENT_TARGET = 17.5;
				MARKETING_VERSION = 1.0;
				PRODUCT_BUNDLE_IDENTIFIER = KWK.StampTests;
				PRODUCT_NAME = "$(TARGET_NAME)";
				SWIFT_EMIT_LOC_STRINGS = NO;
				SWIFT_VERSION = 5.0;
				TARGETED_DEVICE_FAMILY = "1,2";
				TEST_HOST = "$(BUILT_PRODUCTS_DIR)/Stamp.app/$(BUNDLE_EXECUTABLE_FOLDER_PATH)/Stamp";
			};
			name = Release;
		};
		BDDA5A8D2C2B264600400B54 /* Debug */ = {
			isa = XCBuildConfiguration;
			buildSettings = {
				ALWAYS_EMBED_SWIFT_STANDARD_LIBRARIES = YES;
				CODE_SIGN_STYLE = Automatic;
				CURRENT_PROJECT_VERSION = 1;
				GENERATE_INFOPLIST_FILE = YES;
				MARKETING_VERSION = 1.0;
				PRODUCT_BUNDLE_IDENTIFIER = KWK.StampUITests;
				PRODUCT_NAME = "$(TARGET_NAME)";
				SWIFT_EMIT_LOC_STRINGS = NO;
				SWIFT_VERSION = 5.0;
				TARGETED_DEVICE_FAMILY = "1,2";
				TEST_TARGET_NAME = Stamp;
			};
			name = Debug;
		};
		BDDA5A8E2C2B264600400B54 /* Release */ = {
			isa = XCBuildConfiguration;
			buildSettings = {
				ALWAYS_EMBED_SWIFT_STANDARD_LIBRARIES = YES;
				CODE_SIGN_STYLE = Automatic;
				CURRENT_PROJECT_VERSION = 1;
				GENERATE_INFOPLIST_FILE = YES;
				MARKETING_VERSION = 1.0;
				PRODUCT_BUNDLE_IDENTIFIER = KWK.StampUITests;
				PRODUCT_NAME = "$(TARGET_NAME)";
				SWIFT_EMIT_LOC_STRINGS = NO;
				SWIFT_VERSION = 5.0;
				TARGETED_DEVICE_FAMILY = "1,2";
				TEST_TARGET_NAME = Stamp;
			};
			name = Release;
		};
/* End XCBuildConfiguration section */

/* Begin XCConfigurationList section */
		BDDA5A5D2C2B264500400B54 /* Build configuration list for PBXProject "Stamp" */ = {
			isa = XCConfigurationList;
			buildConfigurations = (
				BDDA5A842C2B264600400B54 /* Debug */,
				BDDA5A852C2B264600400B54 /* Release */,
			);
			defaultConfigurationIsVisible = 0;
			defaultConfigurationName = Release;
		};
		BDDA5A862C2B264600400B54 /* Build configuration list for PBXNativeTarget "Stamp" */ = {
			isa = XCConfigurationList;
			buildConfigurations = (
				BDDA5A872C2B264600400B54 /* Debug */,
				BDDA5A882C2B264600400B54 /* Release */,
			);
			defaultConfigurationIsVisible = 0;
			defaultConfigurationName = Release;
		};
		BDDA5A892C2B264600400B54 /* Build configuration list for PBXNativeTarget "StampTests" */ = {
			isa = XCConfigurationList;
			buildConfigurations = (
				BDDA5A8A2C2B264600400B54 /* Debug */,
				BDDA5A8B2C2B264600400B54 /* Release */,
			);
			defaultConfigurationIsVisible = 0;
			defaultConfigurationName = Release;
		};
		BDDA5A8C2C2B264600400B54 /* Build configuration list for PBXNativeTarget "StampUITests" */ = {
			isa = XCConfigurationList;
			buildConfigurations = (
				BDDA5A8D2C2B264600400B54 /* Debug */,
				BDDA5A8E2C2B264600400B54 /* Release */,
			);
			defaultConfigurationIsVisible = 0;
			defaultConfigurationName = Release;
		};
/* End XCConfigurationList section */
	};
	rootObject = BDDA5A5A2C2B264500400B54 /* Project object */;
}
